
Microsoft Visual Studio Solution File, Format Version 11.00
# Visual Studio 2010
Project("{FAE04EC0-301F-11D3-BF4B-00C04F79EFBC}") = "SampleProgram", "SampleProgram\SampleProgram.csproj", "{9BC59AC7-F343-46C7-87ED-55D04A99D85C}"
EndProject
Global
	GlobalSection(SolutionConfigurationPlatforms) = preSolution
		Debug|x86 = Debug|x86
		DebugWOW64|x86 = DebugWOW64|x86
		Release|x86 = Release|x86
		ReleaseWOW64|x86 = ReleaseWOW64|x86
	EndGlobalSection
	GlobalSection(ProjectConfigurationPlatforms) = postSolution
		{9BC59AC7-F343-46C7-87ED-55D04A99D85C}.Debug|x86.ActiveCfg = Debug|x86
		{9BC59AC7-F343-46C7-87ED-55D04A99D85C}.Debug|x86.Build.0 = Debug|x86
		{9BC59AC7-F343-46C7-87ED-55D04A99D85C}.DebugWOW64|x86.ActiveCfg = DebugWOW64|x86
		{9BC59AC7-F343-46C7-87ED-55D04A99D85C}.DebugWOW64|x86.Build.0 = DebugWOW64|x86
		{9BC59AC7-F343-46C7-87ED-55D04A99D85C}.Release|x86.ActiveCfg = Release|x86
		{9BC59AC7-F343-46C7-87ED-55D04A99D85C}.Release|x86.Build.0 = Release|x86
		{9BC59AC7-F343-46C7-87ED-55D04A99D85C}.ReleaseWOW64|x86.ActiveCfg = ReleaseWOW64|x86
		{9BC59AC7-F343-46C7-87ED-55D04A99D85C}.ReleaseWOW64|x86.Build.0 = ReleaseWOW64|x86
	EndGlobalSection
	GlobalSection(SolutionProperties) = preSolution
		HideSolutionNode = FALSE
	EndGlobalSection
EndGlobal
